
Microsoft Visual Studio Solution File, Format Version 12.00
# Visual Studio Version 17
VisualStudioVersion = 17.14.36414.22 d17.14
MinimumVisualStudioVersion = 10.0.40219.1
Project("{FAE04EC0-301F-11D3-BF4B-00C04F79EFBC}") = "AlarmStateWatchdog", "AlarmStateWatchdog.csproj", "{40E10277-2777-46B1-9F45-57ADBC984BEF}"
EndProject
Global
	GlobalSection(SolutionConfigurationPlatforms) = preSolution
		Debug|Any CPU = Debug|Any CPU
		Release|Any CPU = Release|Any CPU
	EndGlobalSection
	GlobalSection(ProjectConfigurationPlatforms) = postSolution
		{40E10277-2777-46B1-9F45-57ADBC984BEF}.Debug|Any CPU.ActiveCfg = Debug|Any CPU
		{40E10277-2777-46B1-9F45-57ADBC984BEF}.Debug|Any CPU.Build.0 = Debug|Any CPU
		{40E10277-2777-46B1-9F45-57ADBC984BEF}.Release|Any CPU.ActiveCfg = Release|Any CPU
		{40E10277-2777-46B1-9F45-57ADBC984BEF}.Release|Any CPU.Build.0 = Release|Any CPU
	EndGlobalSection
	GlobalSection(SolutionProperties) = preSolution
		HideSolutionNode = FALSE
	EndGlobalSection
	GlobalSection(ExtensibilityGlobals) = postSolution
		SolutionGuid = {169B557B-E06F-45AB-A5BC-7B32A295F078}
	EndGlobalSection
EndGlobal
